# This file is automatically @generated by Cargo.
# It is not intended for manual editing.
version = 4

[[package]]
name = "rocola"
version = "0.0.0"
dependencies = [
 "rocola-apple",
 "rocola-core",
 "rocola-spotify",
]

[[package]]
name = "rocola-apple"
version = "0.0.0"
dependencies = [
 "rocola-core",
]

[[package]]
name = "rocola-core"
version = "0.0.0"

[[package]]
name = "rocola-spotify"
version = "0.0.0"
dependencies = [
 "rocola-core",
]
